
Microsoft Visual Studio Solution File, Format Version 12.00
# Visual Studio 2012
Project("{FAE04EC0-301F-11D3-BF4B-00C04F79EFBC}") = "firstdata_sdk", "firstdata_sdk\firstdata_sdk.csproj", "{4EE77FA2-6211-4882-B138-C7CD74E25686}"
EndProject
Global
	GlobalSection(SolutionConfigurationPlatforms) = preSolution
		Debug|x86 = Debug|x86
		Release|x86 = Release|x86
	EndGlobalSection
	GlobalSection(ProjectConfigurationPlatforms) = postSolution
		{4EE77FA2-6211-4882-B138-C7CD74E25686}.Debug|x86.ActiveCfg = Debug|x86
		{4EE77FA2-6211-4882-B138-C7CD74E25686}.Debug|x86.Build.0 = Debug|x86
		{4EE77FA2-6211-4882-B138-C7CD74E25686}.Release|x86.ActiveCfg = Release|x86
		{4EE77FA2-6211-4882-B138-C7CD74E25686}.Release|x86.Build.0 = Release|x86
	EndGlobalSection
EndGlobal
